
Microsoft Visual Studio Solution File, Format Version 12.00
# Visual Studio Version 16
VisualStudioVersion = 16.0.29418.71
MinimumVisualStudioVersion = 10.0.40219.1
Project("{FAE04EC0-301F-11D3-BF4B-00C04F79EFBC}") = "DATA_HISTORIZACION_GOLD", "DATA_HISTORIZACION_GOLD\DATA_HISTORIZACION_GOLD.csproj", "{850C3466-BAD3-4431-B188-4D8B4BFB8143}"
EndProject
Project("{FAE04EC0-301F-11D3-BF4B-00C04F79EFBC}") = "DATA", "..\..\DATA\DATA\DATA\DATA.csproj", "{45FB7DA1-11FC-4F3C-910B-22DB7CF24DAE}"
EndProject
Project("{FAE04EC0-301F-11D3-BF4B-00C04F79EFBC}") = "MODELS", "..\..\CLASES\MODELS\MODELS\MODELS.csproj", "{EB52C8BD-83FB-4371-9EE0-30B88209EBB9}"
EndProject
Global
	GlobalSection(SolutionConfigurationPlatforms) = preSolution
		Debug|Any CPU = Debug|Any CPU
		Release|Any CPU = Release|Any CPU
	EndGlobalSection
	GlobalSection(ProjectConfigurationPlatforms) = postSolution
		{850C3466-BAD3-4431-B188-4D8B4BFB8143}.Debug|Any CPU.ActiveCfg = Debug|Any CPU
		{850C3466-BAD3-4431-B188-4D8B4BFB8143}.Debug|Any CPU.Build.0 = Debug|Any CPU
		{850C3466-BAD3-4431-B188-4D8B4BFB8143}.Release|Any CPU.ActiveCfg = Release|Any CPU
		{850C3466-BAD3-4431-B188-4D8B4BFB8143}.Release|Any CPU.Build.0 = Release|Any CPU
		{45FB7DA1-11FC-4F3C-910B-22DB7CF24DAE}.Debug|Any CPU.ActiveCfg = Debug|Any CPU
		{45FB7DA1-11FC-4F3C-910B-22DB7CF24DAE}.Debug|Any CPU.Build.0 = Debug|Any CPU
		{45FB7DA1-11FC-4F3C-910B-22DB7CF24DAE}.Release|Any CPU.ActiveCfg = Release|Any CPU
		{45FB7DA1-11FC-4F3C-910B-22DB7CF24DAE}.Release|Any CPU.Build.0 = Release|Any CPU
		{EB52C8BD-83FB-4371-9EE0-30B88209EBB9}.Debug|Any CPU.ActiveCfg = Debug|Any CPU
		{EB52C8BD-83FB-4371-9EE0-30B88209EBB9}.Debug|Any CPU.Build.0 = Debug|Any CPU
		{EB52C8BD-83FB-4371-9EE0-30B88209EBB9}.Release|Any CPU.ActiveCfg = Release|Any CPU
		{EB52C8BD-83FB-4371-9EE0-30B88209EBB9}.Release|Any CPU.Build.0 = Release|Any CPU
	EndGlobalSection
	GlobalSection(SolutionProperties) = preSolution
		HideSolutionNode = FALSE
	EndGlobalSection
	GlobalSection(ExtensibilityGlobals) = postSolution
		SolutionGuid = {138BF8D4-44EE-41D1-84C7-ACF5EA73FD0D}
	EndGlobalSection
EndGlobal
