
Microsoft Visual Studio Solution File, Format Version 12.00
# Visual Studio 15
VisualStudioVersion = 15.0.28307.852
MinimumVisualStudioVersion = 10.0.40219.1
Project("{FAE04EC0-301F-11D3-BF4B-00C04F79EFBC}") = "DATA_ITEMS", "DATA_ITEMS\DATA_ITEMS.csproj", "{C296908C-3453-4E8A-98CB-43A435DBB5BA}"
EndProject
Project("{FAE04EC0-301F-11D3-BF4B-00C04F79EFBC}") = "NODO", "..\..\NODO\NODO\NODO.csproj", "{441FA572-F2B8-4DCE-B1E3-76E4DFDAC550}"
EndProject
Project("{FAE04EC0-301F-11D3-BF4B-00C04F79EFBC}") = "DATA", "..\..\DATA\DATA\DATA\DATA.csproj", "{45FB7DA1-11FC-4F3C-910B-22DB7CF24DAE}"
EndProject
Project("{FAE04EC0-301F-11D3-BF4B-00C04F79EFBC}") = "MODELS", "..\..\CLASES\MODELS\MODELS\MODELS.csproj", "{EB52C8BD-83FB-4371-9EE0-30B88209EBB9}"
EndProject
Global
	GlobalSection(SolutionConfigurationPlatforms) = preSolution
		Debug|Any CPU = Debug|Any CPU
		Release|Any CPU = Release|Any CPU
	EndGlobalSection
	GlobalSection(ProjectConfigurationPlatforms) = postSolution
		{C296908C-3453-4E8A-98CB-43A435DBB5BA}.Debug|Any CPU.ActiveCfg = Debug|Any CPU
		{C296908C-3453-4E8A-98CB-43A435DBB5BA}.Debug|Any CPU.Build.0 = Debug|Any CPU
		{C296908C-3453-4E8A-98CB-43A435DBB5BA}.Release|Any CPU.ActiveCfg = Release|Any CPU
		{C296908C-3453-4E8A-98CB-43A435DBB5BA}.Release|Any CPU.Build.0 = Release|Any CPU
		{441FA572-F2B8-4DCE-B1E3-76E4DFDAC550}.Debug|Any CPU.ActiveCfg = Debug|Any CPU
		{441FA572-F2B8-4DCE-B1E3-76E4DFDAC550}.Debug|Any CPU.Build.0 = Debug|Any CPU
		{441FA572-F2B8-4DCE-B1E3-76E4DFDAC550}.Release|Any CPU.ActiveCfg = Release|Any CPU
		{441FA572-F2B8-4DCE-B1E3-76E4DFDAC550}.Release|Any CPU.Build.0 = Release|Any CPU
		{45FB7DA1-11FC-4F3C-910B-22DB7CF24DAE}.Debug|Any CPU.ActiveCfg = Debug|Any CPU
		{45FB7DA1-11FC-4F3C-910B-22DB7CF24DAE}.Debug|Any CPU.Build.0 = Debug|Any CPU
		{45FB7DA1-11FC-4F3C-910B-22DB7CF24DAE}.Release|Any CPU.ActiveCfg = Release|Any CPU
		{45FB7DA1-11FC-4F3C-910B-22DB7CF24DAE}.Release|Any CPU.Build.0 = Release|Any CPU
		{EB52C8BD-83FB-4371-9EE0-30B88209EBB9}.Debug|Any CPU.ActiveCfg = Debug|Any CPU
		{EB52C8BD-83FB-4371-9EE0-30B88209EBB9}.Debug|Any CPU.Build.0 = Debug|Any CPU
		{EB52C8BD-83FB-4371-9EE0-30B88209EBB9}.Release|Any CPU.ActiveCfg = Release|Any CPU
		{EB52C8BD-83FB-4371-9EE0-30B88209EBB9}.Release|Any CPU.Build.0 = Release|Any CPU
	EndGlobalSection
	GlobalSection(SolutionProperties) = preSolution
		HideSolutionNode = FALSE
	EndGlobalSection
	GlobalSection(ExtensibilityGlobals) = postSolution
		SolutionGuid = {905E2FBD-3B65-49B6-BD47-614B92C357CB}
	EndGlobalSection
EndGlobal
